
Microsoft Visual Studio Solution File, Format Version 12.00
# Visual Studio Version 17
VisualStudioVersion = 17.2.32616.157
MinimumVisualStudioVersion = 10.0.40219.1
Project("{FAE04EC0-301F-11D3-BF4B-00C04F79EFBC}") = "Silver.ConsoleApp", "Silver.ConsoleApp\Silver.ConsoleApp.csproj", "{FB5D0DA9-68FE-460B-B11D-2E4D25FE61C2}"
EndProject
Global
	GlobalSection(SolutionConfigurationPlatforms) = preSolution
		Debug|Any CPU = Debug|Any CPU
		Release|Any CPU = Release|Any CPU
	EndGlobalSection
	GlobalSection(ProjectConfigurationPlatforms) = postSolution
		{FB5D0DA9-68FE-460B-B11D-2E4D25FE61C2}.Debug|Any CPU.ActiveCfg = Debug|Any CPU
		{FB5D0DA9-68FE-460B-B11D-2E4D25FE61C2}.Debug|Any CPU.Build.0 = Debug|Any CPU
		{FB5D0DA9-68FE-460B-B11D-2E4D25FE61C2}.Release|Any CPU.ActiveCfg = Release|Any CPU
		{FB5D0DA9-68FE-460B-B11D-2E4D25FE61C2}.Release|Any CPU.Build.0 = Release|Any CPU
	EndGlobalSection
	GlobalSection(SolutionProperties) = preSolution
		HideSolutionNode = FALSE
	EndGlobalSection
	GlobalSection(ExtensibilityGlobals) = postSolution
		SolutionGuid = {4C5F4B19-CF5B-47AC-A12E-5B1AEFEAE614}
	EndGlobalSection
EndGlobal
