
Microsoft Visual Studio Solution File, Format Version 12.00
# Visual Studio Version 17
VisualStudioVersion = 17.3.32804.467
MinimumVisualStudioVersion = 10.0.40219.1
Project("{9A19103F-16F7-4668-BE54-9A1E7A4F7556}") = "Silver.WebApps", "Silver.WebApps\Silver.WebApps.csproj", "{2C5F1820-34E0-4DDF-89A4-EBF1C82505D5}"
EndProject
Project("{FAE04EC0-301F-11D3-BF4B-00C04F79EFBC}") = "Silver.Web", "Silver.Web\Silver.Web.csproj", "{97A7AEB4-A1FB-4E95-BCAE-D03F515F864E}"
EndProject
Global
	GlobalSection(SolutionConfigurationPlatforms) = preSolution
		Debug|Any CPU = Debug|Any CPU
		Release|Any CPU = Release|Any CPU
	EndGlobalSection
	GlobalSection(ProjectConfigurationPlatforms) = postSolution
		{2C5F1820-34E0-4DDF-89A4-EBF1C82505D5}.Debug|Any CPU.ActiveCfg = Debug|Any CPU
		{2C5F1820-34E0-4DDF-89A4-EBF1C82505D5}.Debug|Any CPU.Build.0 = Debug|Any CPU
		{2C5F1820-34E0-4DDF-89A4-EBF1C82505D5}.Release|Any CPU.ActiveCfg = Release|Any CPU
		{2C5F1820-34E0-4DDF-89A4-EBF1C82505D5}.Release|Any CPU.Build.0 = Release|Any CPU
		{97A7AEB4-A1FB-4E95-BCAE-D03F515F864E}.Debug|Any CPU.ActiveCfg = Debug|Any CPU
		{97A7AEB4-A1FB-4E95-BCAE-D03F515F864E}.Debug|Any CPU.Build.0 = Debug|Any CPU
		{97A7AEB4-A1FB-4E95-BCAE-D03F515F864E}.Release|Any CPU.ActiveCfg = Release|Any CPU
		{97A7AEB4-A1FB-4E95-BCAE-D03F515F864E}.Release|Any CPU.Build.0 = Release|Any CPU
	EndGlobalSection
	GlobalSection(SolutionProperties) = preSolution
		HideSolutionNode = FALSE
	EndGlobalSection
	GlobalSection(ExtensibilityGlobals) = postSolution
		SolutionGuid = {095F90C6-1A47-4D01-9F44-FB9753AC285F}
	EndGlobalSection
EndGlobal
